{
  "nodes": {
    "awesome-git-src": {
      "flake": false,
      "locked": {
        "lastModified": 1686722563,
        "narHash": "sha256-ZFjYKyzQiRgg5uHgMLeex6oOKDrXMhp9dxxHEm2xeH4=",
        "owner": "awesomeWM",
        "repo": "awesome",
        "rev": "0e5fc4575ab0adbae75908cb49937d9cf63437ec",
        "type": "github"
      },
      "original": {
        "owner": "awesomeWM",
        "repo": "awesome",
        "type": "github"
      }
    },
    "bling": {
      "flake": false,
      "locked": {
        "lastModified": 1691515214,
        "narHash": "sha256-/5FGZIgznn5ssxe9/M7NxEevDDo7gdY7V6QgN3u11LQ=",
        "owner": "BlingCorp",
        "repo": "bling",
        "rev": "01944af235e3f9ac72990cf9f4e545f344c28c4e",
        "type": "github"
      },
      "original": {
        "owner": "BlingCorp",
        "repo": "bling",
        "type": "github"
      }
    },
    "flake-parts": {
      "inputs": {
        "nixpkgs-lib": "nixpkgs-lib"
      },
      "locked": {
        "lastModified": 1690933134,
        "narHash": "sha256-ab989mN63fQZBFrkk4Q8bYxQCktuHmBIBqUG1jl6/FQ=",
        "owner": "hercules-ci",
        "repo": "flake-parts",
        "rev": "59cf3f1447cfc75087e7273b04b31e689a8599fb",
        "type": "github"
      },
      "original": {
        "owner": "hercules-ci",
        "repo": "flake-parts",
        "type": "github"
      }
    },
    "nixpkgs": {
      "locked": {
        "lastModified": 1691654369,
        "narHash": "sha256-gSILTEx1jRaJjwZxRlnu3ZwMn1FVNk80qlwiCX8kmpo=",
        "owner": "nixos",
        "repo": "nixpkgs",
        "rev": "ce5e4a6ef2e59d89a971bc434ca8ca222b9c7f5e",
        "type": "github"
      },
      "original": {
        "owner": "nixos",
        "ref": "nixos-unstable",
        "repo": "nixpkgs",
        "type": "github"
      }
    },
    "nixpkgs-lib": {
      "locked": {
        "dir": "lib",
        "lastModified": 1690881714,
        "narHash": "sha256-h/nXluEqdiQHs1oSgkOOWF+j8gcJMWhwnZ9PFabN6q0=",
        "owner": "NixOS",
        "repo": "nixpkgs",
        "rev": "9e1960bc196baf6881340d53dccb203a951745a2",
        "type": "github"
      },
      "original": {
        "dir": "lib",
        "owner": "NixOS",
        "ref": "nixos-unstable",
        "repo": "nixpkgs",
        "type": "github"
      }
    },
    "root": {
      "inputs": {
        "awesome-git-src": "awesome-git-src",
        "bling": "bling",
        "flake-parts": "flake-parts",
        "nixpkgs": "nixpkgs"
      }
    }
  },
  "root": "root",
  "version": 7
}
